
Microsoft Visual Studio Solution File, Format Version 12.00
# Visual Studio Version 17
VisualStudioVersion = 17.4.33205.214
MinimumVisualStudioVersion = 10.0.40219.1
Project("{FAE04EC0-301F-11D3-BF4B-00C04F79EFBC}") = "ManejoPresupuesto", "ManejoPresupuesto\ManejoPresupuesto.csproj", "{1E80429E-EDBD-4212-80FF-5F08AD01CB5B}"
EndProject
Global
	GlobalSection(SolutionConfigurationPlatforms) = preSolution
		Debug|Any CPU = Debug|Any CPU
		Release|Any CPU = Release|Any CPU
	EndGlobalSection
	GlobalSection(ProjectConfigurationPlatforms) = postSolution
		{1E80429E-EDBD-4212-80FF-5F08AD01CB5B}.Debug|Any CPU.ActiveCfg = Debug|Any CPU
		{1E80429E-EDBD-4212-80FF-5F08AD01CB5B}.Debug|Any CPU.Build.0 = Debug|Any CPU
		{1E80429E-EDBD-4212-80FF-5F08AD01CB5B}.Release|Any CPU.ActiveCfg = Release|Any CPU
		{1E80429E-EDBD-4212-80FF-5F08AD01CB5B}.Release|Any CPU.Build.0 = Release|Any CPU
	EndGlobalSection
	GlobalSection(SolutionProperties) = preSolution
		HideSolutionNode = FALSE
	EndGlobalSection
	GlobalSection(ExtensibilityGlobals) = postSolution
		SolutionGuid = {66E459F9-C67E-4E35-A98C-3329D0E0ED07}
	EndGlobalSection
EndGlobal
